
Microsoft Visual Studio Solution File, Format Version 12.00
# Visual Studio 2013
VisualStudioVersion = 12.0.31101.0
MinimumVisualStudioVersion = 10.0.40219.1
Project("{FAE04EC0-301F-11D3-BF4B-00C04F79EFBC}") = "Briefcase", "Briefcase\Briefcase.csproj", "{48CFD6AB-F774-4C36-A815-1D273E011FAA}"
EndProject
Project("{FAE04EC0-301F-11D3-BF4B-00C04F79EFBC}") = "Briefcase.Data", "Briefcase.Data\Briefcase.Data.csproj", "{5C9ED0BE-0EC3-4502-9506-C3A1F5D943F1}"
EndProject
Project("{FAE04EC0-301F-11D3-BF4B-00C04F79EFBC}") = "Briefcase.Data.Models", "Briefcase.Data.Models\Briefcase.Data.Models.csproj", "{A0186389-BFD3-4B0C-9113-B5DB087B7FF0}"
EndProject
Global
	GlobalSection(TeamFoundationVersionControl) = preSolution
		SccNumberOfProjects = 4
		SccEnterpriseProvider = {4CA58AB2-18FA-4F8D-95D4-32DDF27D184C}
		SccTeamFoundationServer = https://chaserockwell.visualstudio.com/defaultcollection
		SccLocalPath0 = .
		SccProjectUniqueName1 = Briefcase\\Briefcase.csproj
		SccProjectName1 = Briefcase
		SccLocalPath1 = Briefcase
		SccProjectUniqueName2 = Briefcase.Data\\Briefcase.Data.csproj
		SccProjectName2 = Briefcase.Data
		SccLocalPath2 = Briefcase.Data
		SccProjectUniqueName3 = Briefcase.Data.Models\\Briefcase.Data.Models.csproj
		SccProjectName3 = Briefcase.Data.Models
		SccLocalPath3 = Briefcase.Data.Models
	EndGlobalSection
	GlobalSection(SolutionConfigurationPlatforms) = preSolution
		Debug|Any CPU = Debug|Any CPU
		Release|Any CPU = Release|Any CPU
	EndGlobalSection
	GlobalSection(ProjectConfigurationPlatforms) = postSolution
		{48CFD6AB-F774-4C36-A815-1D273E011FAA}.Debug|Any CPU.ActiveCfg = Debug|Any CPU
		{48CFD6AB-F774-4C36-A815-1D273E011FAA}.Debug|Any CPU.Build.0 = Debug|Any CPU
		{48CFD6AB-F774-4C36-A815-1D273E011FAA}.Release|Any CPU.ActiveCfg = Release|Any CPU
		{48CFD6AB-F774-4C36-A815-1D273E011FAA}.Release|Any CPU.Build.0 = Release|Any CPU
		{5C9ED0BE-0EC3-4502-9506-C3A1F5D943F1}.Debug|Any CPU.ActiveCfg = Debug|Any CPU
		{5C9ED0BE-0EC3-4502-9506-C3A1F5D943F1}.Debug|Any CPU.Build.0 = Debug|Any CPU
		{5C9ED0BE-0EC3-4502-9506-C3A1F5D943F1}.Release|Any CPU.ActiveCfg = Release|Any CPU
		{5C9ED0BE-0EC3-4502-9506-C3A1F5D943F1}.Release|Any CPU.Build.0 = Release|Any CPU
		{A0186389-BFD3-4B0C-9113-B5DB087B7FF0}.Debug|Any CPU.ActiveCfg = Debug|Any CPU
		{A0186389-BFD3-4B0C-9113-B5DB087B7FF0}.Debug|Any CPU.Build.0 = Debug|Any CPU
		{A0186389-BFD3-4B0C-9113-B5DB087B7FF0}.Release|Any CPU.ActiveCfg = Release|Any CPU
		{A0186389-BFD3-4B0C-9113-B5DB087B7FF0}.Release|Any CPU.Build.0 = Release|Any CPU
	EndGlobalSection
	GlobalSection(SolutionProperties) = preSolution
		HideSolutionNode = FALSE
	EndGlobalSection
EndGlobal
